// !$*UTF8*$!
{
	archiveVersion = 1;
	classes = {
	};
	objectVersion = 48;
	objects = {

/* Begin PBXBuildFile section */
		DD1384C6203DD25000CFE9F5 /* AppDelegate.swift in Sources */ = {isa = PBXBuildFile; fileRef = DD1384C5203DD25000CFE9F5 /* AppDelegate.swift */; };
		DD1384C8203DD25000CFE9F5 /* ProfileViewController.swift in Sources */ = {isa = PBXBuildFile; fileRef = DD1384C7203DD25000CFE9F5 /* ProfileViewController.swift */; };
		DD1384CD203DD25000CFE9F5 /* Assets.xcassets in Resources */ = {isa = PBXBuildFile; fileRef = DD1384CC203DD25000CFE9F5 /* Assets.xcassets */; };
		DD1384D0203DD25000CFE9F5 /* LaunchScreen.storyboard in Resources */ = {isa = PBXBuildFile; fileRef = DD1384CE203DD25000CFE9F5 /* LaunchScreen.storyboard */; };
		DD1E4360204326E900C18C89 /* Main.storyboard in Resources */ = {isa = PBXBuildFile; fileRef = DD1E4362204326E900C18C89 /* Main.storyboard */; };
		DD25C73A206599F800856590 /* MessegesViewController.swift in Sources */ = {isa = PBXBuildFile; fileRef = DD25C739206599F800856590 /* MessegesViewController.swift */; };
		DD25C73D206BBFCE00856590 /* GCDDataManager.swift in Sources */ = {isa = PBXBuildFile; fileRef = DD25C73C206BBFCE00856590 /* GCDDataManager.swift */; };
		DD25C73F206BBFDD00856590 /* AsyncOperation.swift in Sources */ = {isa = PBXBuildFile; fileRef = DD25C73E206BBFDD00856590 /* AsyncOperation.swift */; };
		DD25C765206D909600856590 /* placeholder.png in Resources */ = {isa = PBXBuildFile; fileRef = DD25C764206D909600856590 /* placeholder.png */; };
		DD25C767206E47C100856590 /* DataModelOfUser.swift in Sources */ = {isa = PBXBuildFile; fileRef = DD25C766206E47C100856590 /* DataModelOfUser.swift */; };
		DD25C769206E64D700856590 /* OperationDataManager.swift in Sources */ = {isa = PBXBuildFile; fileRef = DD25C768206E64D700856590 /* OperationDataManager.swift */; };
		DD25C77020715E4200856590 /* MessageTableViewCell.swift in Sources */ = {isa = PBXBuildFile; fileRef = DD25C76F20715E4200856590 /* MessageTableViewCell.swift */; };
		DD25C77220716BBA00856590 /* MessageModel.swift in Sources */ = {isa = PBXBuildFile; fileRef = DD25C77120716BBA00856590 /* MessageModel.swift */; };
		DD3472DC2064486200566287 /* ThemesViewController.m in Sources */ = {isa = PBXBuildFile; fileRef = DD3472DB2064486200566287 /* ThemesViewController.m */; };
		DD3472E02064493A00566287 /* Themes.m in Sources */ = {isa = PBXBuildFile; fileRef = DD3472DF2064493A00566287 /* Themes.m */; };
		DD3472E220644CAF00566287 /* ConversationsListViewController.swift in Sources */ = {isa = PBXBuildFile; fileRef = DD3472E120644CAF00566287 /* ConversationsListViewController.swift */; };
		DD3472E5206454C400566287 /* ConversationTableViewCell.swift in Sources */ = {isa = PBXBuildFile; fileRef = DD3472E4206454C400566287 /* ConversationTableViewCell.swift */; };
		DD58E1FC20738E35001FBABA /* MultipeerConnectivityService.swift in Sources */ = {isa = PBXBuildFile; fileRef = DD58E1FA20738E34001FBABA /* MultipeerConnectivityService.swift */; };
		DD58E1FD20738E35001FBABA /* ColorSwitchViewController.swift in Sources */ = {isa = PBXBuildFile; fileRef = DD58E1FB20738E34001FBABA /* ColorSwitchViewController.swift */; };
		DDD63840207425A800F761C4 /* CommunicatorManager.swift in Sources */ = {isa = PBXBuildFile; fileRef = DDD6383F207425A800F761C4 /* CommunicatorManager.swift */; };
		DDD638422074269700F761C4 /* ConversationModel.swift in Sources */ = {isa = PBXBuildFile; fileRef = DDD638412074269700F761C4 /* ConversationModel.swift */; };
		DDF7E17B2074FC450083537D /* CallbackProtocol.swift in Sources */ = {isa = PBXBuildFile; fileRef = DDF7E17A2074FC450083537D /* CallbackProtocol.swift */; };
/* End PBXBuildFile section */

/* Begin PBXFileReference section */
		DD1384C2203DD25000CFE9F5 /* FirstProjectTinkov.app */ = {isa = PBXFileReference; explicitFileType = wrapper.application; includeInIndex = 0; path = FirstProjectTinkov.app; sourceTree = BUILT_PRODUCTS_DIR; };
		DD1384C5203DD25000CFE9F5 /* AppDelegate.swift */ = {isa = PBXFileReference; lastKnownFileType = sourcecode.swift; path = AppDelegate.swift; sourceTree = "<group>"; };
		DD1384C7203DD25000CFE9F5 /* ProfileViewController.swift */ = {isa = PBXFileReference; lastKnownFileType = sourcecode.swift; path = ProfileViewController.swift; sourceTree = "<group>"; };
		DD1384CC203DD25000CFE9F5 /* Assets.xcassets */ = {isa = PBXFileReference; lastKnownFileType = folder.assetcatalog; path = Assets.xcassets; sourceTree = "<group>"; };
		DD1384CF203DD25000CFE9F5 /* Base */ = {isa = PBXFileReference; lastKnownFileType = file.storyboard; name = Base; path = Base.lproj/LaunchScreen.storyboard; sourceTree = "<group>"; };
		DD1384D1203DD25000CFE9F5 /* Info.plist */ = {isa = PBXFileReference; lastKnownFileType = text.plist.xml; path = Info.plist; sourceTree = "<group>"; };
		DD1E4361204326E900C18C89 /* Base */ = {isa = PBXFileReference; lastKnownFileType = file.storyboard; name = Base; path = Base.lproj/Main.storyboard; sourceTree = "<group>"; };
		DD25C739206599F800856590 /* MessegesViewController.swift */ = {isa = PBXFileReference; lastKnownFileType = sourcecode.swift; path = MessegesViewController.swift; sourceTree = "<group>"; };
		DD25C73C206BBFCE00856590 /* GCDDataManager.swift */ = {isa = PBXFileReference; lastKnownFileType = sourcecode.swift; path = GCDDataManager.swift; sourceTree = "<group>"; };
		DD25C73E206BBFDD00856590 /* AsyncOperation.swift */ = {isa = PBXFileReference; lastKnownFileType = sourcecode.swift; path = AsyncOperation.swift; sourceTree = "<group>"; };
		DD25C764206D909600856590 /* placeholder.png */ = {isa = PBXFileReference; lastKnownFileType = image.png; name = placeholder.png; path = "FirstProjectTinkov/Assets.xcassets/placeholder-user.imageset/placeholder.png"; sourceTree = SOURCE_ROOT; };
		DD25C766206E47C100856590 /* DataModelOfUser.swift */ = {isa = PBXFileReference; lastKnownFileType = sourcecode.swift; path = DataModelOfUser.swift; sourceTree = "<group>"; };
		DD25C768206E64D700856590 /* OperationDataManager.swift */ = {isa = PBXFileReference; lastKnownFileType = sourcecode.swift; path = OperationDataManager.swift; sourceTree = "<group>"; };
		DD25C76F20715E4200856590 /* MessageTableViewCell.swift */ = {isa = PBXFileReference; lastKnownFileType = sourcecode.swift; path = MessageTableViewCell.swift; sourceTree = "<group>"; };
		DD25C77120716BBA00856590 /* MessageModel.swift */ = {isa = PBXFileReference; lastKnownFileType = sourcecode.swift; path = MessageModel.swift; sourceTree = "<group>"; };
		DD3472D92064486100566287 /* FirstProjectTinkov-Bridging-Header.h */ = {isa = PBXFileReference; lastKnownFileType = sourcecode.c.h; path = "FirstProjectTinkov-Bridging-Header.h"; sourceTree = "<group>"; };
		DD3472DA2064486200566287 /* ThemesViewController.h */ = {isa = PBXFileReference; lastKnownFileType = sourcecode.c.h; path = ThemesViewController.h; sourceTree = "<group>"; };
		DD3472DB2064486200566287 /* ThemesViewController.m */ = {isa = PBXFileReference; lastKnownFileType = sourcecode.c.objc; path = ThemesViewController.m; sourceTree = "<group>"; };
		DD3472DE2064493A00566287 /* Themes.h */ = {isa = PBXFileReference; lastKnownFileType = sourcecode.c.h; path = Themes.h; sourceTree = "<group>"; };
		DD3472DF2064493A00566287 /* Themes.m */ = {isa = PBXFileReference; lastKnownFileType = sourcecode.c.objc; path = Themes.m; sourceTree = "<group>"; };
		DD3472E120644CAF00566287 /* ConversationsListViewController.swift */ = {isa = PBXFileReference; lastKnownFileType = sourcecode.swift; path = ConversationsListViewController.swift; sourceTree = "<group>"; };
		DD3472E4206454C400566287 /* ConversationTableViewCell.swift */ = {isa = PBXFileReference; lastKnownFileType = sourcecode.swift; path = ConversationTableViewCell.swift; sourceTree = "<group>"; };
		DD58E1FA20738E34001FBABA /* MultipeerConnectivityService.swift */ = {isa = PBXFileReference; fileEncoding = 4; lastKnownFileType = sourcecode.swift; path = MultipeerConnectivityService.swift; sourceTree = "<group>"; };
		DD58E1FB20738E34001FBABA /* ColorSwitchViewController.swift */ = {isa = PBXFileReference; fileEncoding = 4; lastKnownFileType = sourcecode.swift; path = ColorSwitchViewController.swift; sourceTree = "<group>"; };
		DDD6383F207425A800F761C4 /* CommunicatorManager.swift */ = {isa = PBXFileReference; lastKnownFileType = sourcecode.swift; path = CommunicatorManager.swift; sourceTree = "<group>"; };
		DDD638412074269700F761C4 /* ConversationModel.swift */ = {isa = PBXFileReference; lastKnownFileType = sourcecode.swift; path = ConversationModel.swift; sourceTree = "<group>"; };
		DDF7E17A2074FC450083537D /* CallbackProtocol.swift */ = {isa = PBXFileReference; lastKnownFileType = sourcecode.swift; path = CallbackProtocol.swift; sourceTree = "<group>"; };
/* End PBXFileReference section */

/* Begin PBXFrameworksBuildPhase section */
		DD1384BF203DD25000CFE9F5 /* Frameworks */ = {
			isa = PBXFrameworksBuildPhase;
			buildActionMask = 2147483647;
			files = (
			);
			runOnlyForDeploymentPostprocessing = 0;
		};
/* End PBXFrameworksBuildPhase section */

/* Begin PBXGroup section */
		DD1384B9203DD25000CFE9F5 = {
			isa = PBXGroup;
			children = (
				DD1384C4203DD25000CFE9F5 /* FirstProjectTinkov */,
				DD1384C3203DD25000CFE9F5 /* Products */,
			);
			sourceTree = "<group>";
		};
		DD1384C3203DD25000CFE9F5 /* Products */ = {
			isa = PBXGroup;
			children = (
				DD1384C2203DD25000CFE9F5 /* FirstProjectTinkov.app */,
			);
			name = Products;
			sourceTree = "<group>";
		};
		DD1384C4203DD25000CFE9F5 /* FirstProjectTinkov */ = {
			isa = PBXGroup;
			children = (
				DD1384C5203DD25000CFE9F5 /* AppDelegate.swift */,
				DD1384CC203DD25000CFE9F5 /* Assets.xcassets */,
				DD1E4362204326E900C18C89 /* Main.storyboard */,
				DD1384CE203DD25000CFE9F5 /* LaunchScreen.storyboard */,
				DD1384D1203DD25000CFE9F5 /* Info.plist */,
				DD3472D92064486100566287 /* FirstProjectTinkov-Bridging-Header.h */,
				DD25C76D20715A9B00856590 /* Themes */,
				DD25C73B206BBF8A00856590 /* Profile */,
				DD3472E32064549D00566287 /* ConversationList */,
				DD25C76E20715ABB00856590 /* Conversation */,
				DD58E1FE20738E42001FBABA /* MultipeerConnectivity */,
			);
			path = FirstProjectTinkov;
			sourceTree = "<group>";
		};
		DD25C73B206BBF8A00856590 /* Profile */ = {
			isa = PBXGroup;
			children = (
				DD1384C7203DD25000CFE9F5 /* ProfileViewController.swift */,
				DD25C73C206BBFCE00856590 /* GCDDataManager.swift */,
				DD25C768206E64D700856590 /* OperationDataManager.swift */,
				DD25C73E206BBFDD00856590 /* AsyncOperation.swift */,
				DD25C766206E47C100856590 /* DataModelOfUser.swift */,
				DD25C764206D909600856590 /* placeholder.png */,
			);
			path = Profile;
			sourceTree = "<group>";
		};
		DD25C76D20715A9B00856590 /* Themes */ = {
			isa = PBXGroup;
			children = (
				DD3472DA2064486200566287 /* ThemesViewController.h */,
				DD3472DB2064486200566287 /* ThemesViewController.m */,
				DD3472DE2064493A00566287 /* Themes.h */,
				DD3472DF2064493A00566287 /* Themes.m */,
			);
			path = Themes;
			sourceTree = "<group>";
		};
		DD25C76E20715ABB00856590 /* Conversation */ = {
			isa = PBXGroup;
			children = (
				DD25C739206599F800856590 /* MessegesViewController.swift */,
				DD25C76F20715E4200856590 /* MessageTableViewCell.swift */,
				DD25C77120716BBA00856590 /* MessageModel.swift */,
			);
			path = Conversation;
			sourceTree = "<group>";
		};
		DD3472E32064549D00566287 /* ConversationList */ = {
			isa = PBXGroup;
			children = (
				DD3472E120644CAF00566287 /* ConversationsListViewController.swift */,
				DD3472E4206454C400566287 /* ConversationTableViewCell.swift */,
				DDD638412074269700F761C4 /* ConversationModel.swift */,
			);
			path = ConversationList;
			sourceTree = "<group>";
		};
		DD58E1FE20738E42001FBABA /* MultipeerConnectivity */ = {
			isa = PBXGroup;
			children = (
				DD58E1FB20738E34001FBABA /* ColorSwitchViewController.swift */,
				DD58E1FA20738E34001FBABA /* MultipeerConnectivityService.swift */,
				DDD6383F207425A800F761C4 /* CommunicatorManager.swift */,
				DDF7E17A2074FC450083537D /* CallbackProtocol.swift */,
			);
			name = MultipeerConnectivity;
			path = Themes;
			sourceTree = "<group>";
		};
/* End PBXGroup section */

/* Begin PBXNativeTarget section */
		DD1384C1203DD25000CFE9F5 /* FirstProjectTinkov */ = {
			isa = PBXNativeTarget;
			buildConfigurationList = DD1384D4203DD25000CFE9F5 /* Build configuration list for PBXNativeTarget "FirstProjectTinkov" */;
			buildPhases = (
				DD1384BE203DD25000CFE9F5 /* Sources */,
				DD1384BF203DD25000CFE9F5 /* Frameworks */,
				DD1384C0203DD25000CFE9F5 /* Resources */,
			);
			buildRules = (
			);
			dependencies = (
			);
			name = FirstProjectTinkov;
			productName = FirstProjectTinkov;
			productReference = DD1384C2203DD25000CFE9F5 /* FirstProjectTinkov.app */;
			productType = "com.apple.product-type.application";
		};
/* End PBXNativeTarget section */

/* Begin PBXProject section */
		DD1384BA203DD25000CFE9F5 /* Project object */ = {
			isa = PBXProject;
			attributes = {
				LastSwiftUpdateCheck = 0910;
				LastUpgradeCheck = 0910;
				ORGANIZATIONNAME = "Вадим Чистяков";
				TargetAttributes = {
					DD1384C1203DD25000CFE9F5 = {
						CreatedOnToolsVersion = 9.1;
						LastSwiftMigration = 0910;
						ProvisioningStyle = Automatic;
					};
				};
			};
			buildConfigurationList = DD1384BD203DD25000CFE9F5 /* Build configuration list for PBXProject "FirstProjectTinkov" */;
			compatibilityVersion = "Xcode 8.0";
			developmentRegion = en;
			hasScannedForEncodings = 0;
			knownRegions = (
				en,
				Base,
			);
			mainGroup = DD1384B9203DD25000CFE9F5;
			productRefGroup = DD1384C3203DD25000CFE9F5 /* Products */;
			projectDirPath = "";
			projectRoot = "";
			targets = (
				DD1384C1203DD25000CFE9F5 /* FirstProjectTinkov */,
			);
		};
/* End PBXProject section */

/* Begin PBXResourcesBuildPhase section */
		DD1384C0203DD25000CFE9F5 /* Resources */ = {
			isa = PBXResourcesBuildPhase;
			buildActionMask = 2147483647;
			files = (
				DD1384D0203DD25000CFE9F5 /* LaunchScreen.storyboard in Resources */,
				DD1E4360204326E900C18C89 /* Main.storyboard in Resources */,
				DD25C765206D909600856590 /* placeholder.png in Resources */,
				DD1384CD203DD25000CFE9F5 /* Assets.xcassets in Resources */,
			);
			runOnlyForDeploymentPostprocessing = 0;
		};
/* End PBXResourcesBuildPhase section */

/* Begin PBXSourcesBuildPhase section */
		DD1384BE203DD25000CFE9F5 /* Sources */ = {
			isa = PBXSourcesBuildPhase;
			buildActionMask = 2147483647;
			files = (
				DDD63840207425A800F761C4 /* CommunicatorManager.swift in Sources */,
				DD1384C8203DD25000CFE9F5 /* ProfileViewController.swift in Sources */,
				DDF7E17B2074FC450083537D /* CallbackProtocol.swift in Sources */,
				DD25C73A206599F800856590 /* MessegesViewController.swift in Sources */,
				DD25C73D206BBFCE00856590 /* GCDDataManager.swift in Sources */,
				DD3472E220644CAF00566287 /* ConversationsListViewController.swift in Sources */,
				DD25C769206E64D700856590 /* OperationDataManager.swift in Sources */,
				DD58E1FC20738E35001FBABA /* MultipeerConnectivityService.swift in Sources */,
				DDD638422074269700F761C4 /* ConversationModel.swift in Sources */,
				DD25C77020715E4200856590 /* MessageTableViewCell.swift in Sources */,
				DD25C77220716BBA00856590 /* MessageModel.swift in Sources */,
				DD58E1FD20738E35001FBABA /* ColorSwitchViewController.swift in Sources */,
				DD3472E5206454C400566287 /* ConversationTableViewCell.swift in Sources */,
				DD3472E02064493A00566287 /* Themes.m in Sources */,
				DD1384C6203DD25000CFE9F5 /* AppDelegate.swift in Sources */,
				DD25C767206E47C100856590 /* DataModelOfUser.swift in Sources */,
				DD3472DC2064486200566287 /* ThemesViewController.m in Sources */,
				DD25C73F206BBFDD00856590 /* AsyncOperation.swift in Sources */,
			);
			runOnlyForDeploymentPostprocessing = 0;
		};
/* End PBXSourcesBuildPhase section */

/* Begin PBXVariantGroup section */
		DD1384CE203DD25000CFE9F5 /* LaunchScreen.storyboard */ = {
			isa = PBXVariantGroup;
			children = (
				DD1384CF203DD25000CFE9F5 /* Base */,
			);
			name = LaunchScreen.storyboard;
			sourceTree = "<group>";
		};
		DD1E4362204326E900C18C89 /* Main.storyboard */ = {
			isa = PBXVariantGroup;
			children = (
				DD1E4361204326E900C18C89 /* Base */,
			);
			name = Main.storyboard;
			sourceTree = "<group>";
		};
/* End PBXVariantGroup section */

/* Begin XCBuildConfiguration section */
		DD1384D2203DD25000CFE9F5 /* Debug */ = {
			isa = XCBuildConfiguration;
			buildSettings = {
				ALWAYS_SEARCH_USER_PATHS = NO;
				CLANG_ANALYZER_NONNULL = YES;
				CLANG_ANALYZER_NUMBER_OBJECT_CONVERSION = YES_AGGRESSIVE;
				CLANG_CXX_LANGUAGE_STANDARD = "gnu++14";
				CLANG_CXX_LIBRARY = "libc++";
				CLANG_ENABLE_MODULES = YES;
				CLANG_ENABLE_OBJC_ARC = NO;
				CLANG_WARN_BLOCK_CAPTURE_AUTORELEASING = YES;
				CLANG_WARN_BOOL_CONVERSION = YES;
				CLANG_WARN_COMMA = YES;
				CLANG_WARN_CONSTANT_CONVERSION = YES;
				CLANG_WARN_DIRECT_OBJC_ISA_USAGE = YES_ERROR;
				CLANG_WARN_DOCUMENTATION_COMMENTS = YES;
				CLANG_WARN_EMPTY_BODY = YES;
				CLANG_WARN_ENUM_CONVERSION = YES;
				CLANG_WARN_INFINITE_RECURSION = YES;
				CLANG_WARN_INT_CONVERSION = YES;
				CLANG_WARN_NON_LITERAL_NULL_CONVERSION = YES;
				CLANG_WARN_OBJC_LITERAL_CONVERSION = YES;
				CLANG_WARN_OBJC_ROOT_CLASS = YES_ERROR;
				CLANG_WARN_RANGE_LOOP_ANALYSIS = YES;
				CLANG_WARN_STRICT_PROTOTYPES = YES;
				CLANG_WARN_SUSPICIOUS_MOVE = YES;
				CLANG_WARN_UNGUARDED_AVAILABILITY = YES_AGGRESSIVE;
				CLANG_WARN_UNREACHABLE_CODE = YES;
				CLANG_WARN__DUPLICATE_METHOD_MATCH = YES;
				CODE_SIGN_IDENTITY = "iPhone Developer";
				COPY_PHASE_STRIP = NO;
				DEBUG_INFORMATION_FORMAT = dwarf;
				ENABLE_STRICT_OBJC_MSGSEND = YES;
				ENABLE_TESTABILITY = YES;
				GCC_C_LANGUAGE_STANDARD = gnu11;
				GCC_DYNAMIC_NO_PIC = NO;
				GCC_NO_COMMON_BLOCKS = YES;
				GCC_OPTIMIZATION_LEVEL = 0;
				GCC_PREPROCESSOR_DEFINITIONS = (
					"DEBUG=1",
					"$(inherited)",
				);
				GCC_WARN_64_TO_32_BIT_CONVERSION = YES;
				GCC_WARN_ABOUT_RETURN_TYPE = YES_ERROR;
				GCC_WARN_UNDECLARED_SELECTOR = YES;
				GCC_WARN_UNINITIALIZED_AUTOS = YES_AGGRESSIVE;
				GCC_WARN_UNUSED_FUNCTION = YES;
				GCC_WARN_UNUSED_VARIABLE = YES;
				IPHONEOS_DEPLOYMENT_TARGET = 11.1;
				MTL_ENABLE_DEBUG_INFO = YES;
				ONLY_ACTIVE_ARCH = YES;
				SDKROOT = iphoneos;
				SWIFT_ACTIVE_COMPILATION_CONDITIONS = DEBUG;
				SWIFT_OPTIMIZATION_LEVEL = "-Onone";
			};
			name = Debug;
		};
		DD1384D3203DD25000CFE9F5 /* Release */ = {
			isa = XCBuildConfiguration;
			buildSettings = {
				ALWAYS_SEARCH_USER_PATHS = NO;
				CLANG_ANALYZER_NONNULL = YES;
				CLANG_ANALYZER_NUMBER_OBJECT_CONVERSION = YES_AGGRESSIVE;
				CLANG_CXX_LANGUAGE_STANDARD = "gnu++14";
				CLANG_CXX_LIBRARY = "libc++";
				CLANG_ENABLE_MODULES = YES;
				CLANG_ENABLE_OBJC_ARC = NO;
				CLANG_WARN_BLOCK_CAPTURE_AUTORELEASING = YES;
				CLANG_WARN_BOOL_CONVERSION = YES;
				CLANG_WARN_COMMA = YES;
				CLANG_WARN_CONSTANT_CONVERSION = YES;
				CLANG_WARN_DIRECT_OBJC_ISA_USAGE = YES_ERROR;
				CLANG_WARN_DOCUMENTATION_COMMENTS = YES;
				CLANG_WARN_EMPTY_BODY = YES;
				CLANG_WARN_ENUM_CONVERSION = YES;
				CLANG_WARN_INFINITE_RECURSION = YES;
				CLANG_WARN_INT_CONVERSION = YES;
				CLANG_WARN_NON_LITERAL_NULL_CONVERSION = YES;
				CLANG_WARN_OBJC_LITERAL_CONVERSION = YES;
				CLANG_WARN_OBJC_ROOT_CLASS = YES_ERROR;
				CLANG_WARN_RANGE_LOOP_ANALYSIS = YES;
				CLANG_WARN_STRICT_PROTOTYPES = YES;
				CLANG_WARN_SUSPICIOUS_MOVE = YES;
				CLANG_WARN_UNGUARDED_AVAILABILITY = YES_AGGRESSIVE;
				CLANG_WARN_UNREACHABLE_CODE = YES;
				CLANG_WARN__DUPLICATE_METHOD_MATCH = YES;
				CODE_SIGN_IDENTITY = "iPhone Developer";
				COPY_PHASE_STRIP = NO;
				DEBUG_INFORMATION_FORMAT = "dwarf-with-dsym";
				ENABLE_NS_ASSERTIONS = NO;
				ENABLE_STRICT_OBJC_MSGSEND = YES;
				GCC_C_LANGUAGE_STANDARD = gnu11;
				GCC_NO_COMMON_BLOCKS = YES;
				GCC_WARN_64_TO_32_BIT_CONVERSION = YES;
				GCC_WARN_ABOUT_RETURN_TYPE = YES_ERROR;
				GCC_WARN_UNDECLARED_SELECTOR = YES;
				GCC_WARN_UNINITIALIZED_AUTOS = YES_AGGRESSIVE;
				GCC_WARN_UNUSED_FUNCTION = YES;
				GCC_WARN_UNUSED_VARIABLE = YES;
				IPHONEOS_DEPLOYMENT_TARGET = 11.1;
				MTL_ENABLE_DEBUG_INFO = NO;
				SDKROOT = iphoneos;
				SWIFT_OPTIMIZATION_LEVEL = "-Owholemodule";
				VALIDATE_PRODUCT = YES;
			};
			name = Release;
		};
		DD1384D5203DD25000CFE9F5 /* Debug */ = {
			isa = XCBuildConfiguration;
			buildSettings = {
				ASSETCATALOG_COMPILER_APPICON_NAME = AppIcon;
				CLANG_ENABLE_MODULES = YES;
				"CODE_SIGN_IDENTITY[sdk=iphoneos*]" = "iPhone Developer";
				CODE_SIGN_STYLE = Automatic;
				DEVELOPMENT_TEAM = "";
				INFOPLIST_FILE = FirstProjectTinkov/Info.plist;
				IPHONEOS_DEPLOYMENT_TARGET = 11.1;
				LD_RUNPATH_SEARCH_PATHS = "$(inherited) @executable_path/Frameworks";
				PRODUCT_BUNDLE_IDENTIFIER = CV.FirstProjectTinkov;
				PRODUCT_NAME = "$(TARGET_NAME)";
				PROVISIONING_PROFILE_SPECIFIER = "";
				SWIFT_OBJC_BRIDGING_HEADER = "FirstProjectTinkov/FirstProjectTinkov-Bridging-Header.h";
				SWIFT_OPTIMIZATION_LEVEL = "-Onone";
				SWIFT_VERSION = 4.0;
				TARGETED_DEVICE_FAMILY = "1,2";
			};
			name = Debug;
		};
		DD1384D6203DD25000CFE9F5 /* Release */ = {
			isa = XCBuildConfiguration;
			buildSettings = {
				ASSETCATALOG_COMPILER_APPICON_NAME = AppIcon;
				CLANG_ENABLE_MODULES = YES;
				"CODE_SIGN_IDENTITY[sdk=iphoneos*]" = "iPhone Developer";
				CODE_SIGN_STYLE = Automatic;
				DEVELOPMENT_TEAM = "";
				INFOPLIST_FILE = FirstProjectTinkov/Info.plist;
				IPHONEOS_DEPLOYMENT_TARGET = 11.1;
				LD_RUNPATH_SEARCH_PATHS = "$(inherited) @executable_path/Frameworks";
				PRODUCT_BUNDLE_IDENTIFIER = CV.FirstProjectTinkov;
				PRODUCT_NAME = "$(TARGET_NAME)";
				PROVISIONING_PROFILE_SPECIFIER = "";
				SWIFT_OBJC_BRIDGING_HEADER = "FirstProjectTinkov/FirstProjectTinkov-Bridging-Header.h";
				SWIFT_VERSION = 4.0;
				TARGETED_DEVICE_FAMILY = "1,2";
			};
			name = Release;
		};
/* End XCBuildConfiguration section */

/* Begin XCConfigurationList section */
		DD1384BD203DD25000CFE9F5 /* Build configuration list for PBXProject "FirstProjectTinkov" */ = {
			isa = XCConfigurationList;
			buildConfigurations = (
				DD1384D2203DD25000CFE9F5 /* Debug */,
				DD1384D3203DD25000CFE9F5 /* Release */,
			);
			defaultConfigurationIsVisible = 0;
			defaultConfigurationName = Release;
		};
		DD1384D4203DD25000CFE9F5 /* Build configuration list for PBXNativeTarget "FirstProjectTinkov" */ = {
			isa = XCConfigurationList;
			buildConfigurations = (
				DD1384D5203DD25000CFE9F5 /* Debug */,
				DD1384D6203DD25000CFE9F5 /* Release */,
			);
			defaultConfigurationIsVisible = 0;
			defaultConfigurationName = Release;
		};
/* End XCConfigurationList section */
	};
	rootObject = DD1384BA203DD25000CFE9F5 /* Project object */;
}
